
Microsoft Visual Studio Solution File, Format Version 12.00
# Visual Studio Version 16
VisualStudioVersion = 16.0.29306.81
MinimumVisualStudioVersion = 10.0.40219.1
Project("{FAE04EC0-301F-11D3-BF4B-00C04F79EFBC}") = "BoeingAPI", "BoeingAPI.csproj", "{060A5245-0FB3-48B2-B13C-87DFE3352176}"
EndProject
Global
	GlobalSection(SolutionConfigurationPlatforms) = preSolution
		Debug|Any CPU = Debug|Any CPU
		Release|Any CPU = Release|Any CPU
	EndGlobalSection
	GlobalSection(ProjectConfigurationPlatforms) = postSolution
		{060A5245-0FB3-48B2-B13C-87DFE3352176}.Debug|Any CPU.ActiveCfg = Debug|Any CPU
		{060A5245-0FB3-48B2-B13C-87DFE3352176}.Debug|Any CPU.Build.0 = Debug|Any CPU
		{060A5245-0FB3-48B2-B13C-87DFE3352176}.Release|Any CPU.ActiveCfg = Release|Any CPU
		{060A5245-0FB3-48B2-B13C-87DFE3352176}.Release|Any CPU.Build.0 = Release|Any CPU
	EndGlobalSection
	GlobalSection(SolutionProperties) = preSolution
		HideSolutionNode = FALSE
	EndGlobalSection
	GlobalSection(ExtensibilityGlobals) = postSolution
		SolutionGuid = {14E2B8BC-F41D-4B84-B095-56FCC1901571}
	EndGlobalSection
EndGlobal
